PODS:
  - Alamofire (5.1.0)
  - Charts (3.4.0):
    - Charts/Core (= 3.4.0)
  - Charts/Core (3.4.0)
  - FBSDKCoreKit (6.3.0):
    - FBSDKCoreKit/Basics (= 6.3.0)
    - FBSDKCoreKit/Core (= 6.3.0)
  - FBSDKCoreKit/Basics (6.3.0)
  - FBSDKCoreKit/Core (6.3.0):
    - FBSDKCoreKit/Basics
  - FBSDKLoginKit (6.3.0):
    - FBSDKLoginKit/Login (= 6.3.0)
  - FBSDKLoginKit/Login (6.3.0):
    - FBSDKCoreKit (~> 6.3.0)
  - FBSDKShareKit (6.3.0):
    - FBSDKShareKit/Share (= 6.3.0)
  - FBSDKShareKit/Share (6.3.0):
    - FBSDKCoreKit (~> 6.3.0)
  - GoogleMaps (3.8.0):
    - GoogleMaps/Maps (= 3.8.0)
  - GoogleMaps/Base (3.8.0)
  - GoogleMaps/Maps (3.8.0):
    - GoogleMaps/Base
  - GooglePlaces (3.8.0):
    - GoogleMaps/Base (= 3.8.0)
  - Stripe (19.0.1)
  - SwiftyJSON (5.0.0)

DEPENDENCIES:
  - Alamofire (from `https://github.com/Alamofire/Alamofire.git`)
  - Charts (from `https://github.com/danielgindi/Charts.git`)
  - FBSDKCoreKit
  - FBSDKLoginKit
  - FBSDKShareKit
  - GoogleMaps
  - GooglePlaces
  - Stripe
  - SwiftyJSON (from `https://github.com/SwiftyJSON/SwiftyJSON.git`)

SPEC REPOS:
  trunk:
    - FBSDKCoreKit
    - FBSDKLoginKit
    - FBSDKShareKit
    - GoogleMaps
    - GooglePlaces
    - Stripe

EXTERNAL SOURCES:
  Alamofire:
    :git: https://github.com/Alamofire/Alamofire.git
  Charts:
    :git: https://github.com/danielgindi/Charts.git
  SwiftyJSON:
    :git: https://github.com/SwiftyJSON/SwiftyJSON.git

CHECKOUT OPTIONS:
  Alamofire:
    :commit: fca036f7aeca07124067cb6e0c12b0ad6359e3d4
    :git: https://github.com/Alamofire/Alamofire.git
  Charts:
    :commit: 56effcf413ef25144fa89d8483613a0f10c7ab23
    :git: https://github.com/danielgindi/Charts.git
  SwiftyJSON:
    :commit: cbf2d4955557abc1ed5debab21d20763e7ebc540
    :git: https://github.com/SwiftyJSON/SwiftyJSON.git

SPEC CHECKSUMS:
  Alamofire: 9d5c5f602928e512395b30950c5984eca840093c
  Charts: ef59ae1e7eaa53f10a16a0009c434051292ba808
  FBSDKCoreKit: 5d55c8f3007c9c49b793617b9102e46355fc7e17
  FBSDKLoginKit: d46aa04d9bb9990a4deb6441736fae24a8c94496
  FBSDKShareKit: cbd309f29d00e596bc28319724a7519940e804fa
  GoogleMaps: 7c8d66d70e4e8c300f43a7219d8fdaad7b325a9a
  GooglePlaces: d5f70c3e9e427964fdeca1301a665d276ccd8754
  Stripe: 03313f9520a0786e2c00d9a7a2672c11e08821af
  SwiftyJSON: f0574c07d8ca1644050db687067209e3033a89a0

PODFILE CHECKSUM: 6dd9d8a533e835aee2f599e4a99b2e1ba77e7e87

COCOAPODS: 1.9.1
